<?xml version="1.0" encoding="utf-8"?>
<Project ToolsVersion="4.0" xmlns="http://schemas.microsoft.com/developer/msbuild/2003">
  <ItemGroup>
    <Filter Include="Source Files">
      <UniqueIdentifier>{4FC737F1-C7A5-4376-A066-2A32D752A2FF}</UniqueIdentifier>
      <Extensions>cpp;c;cc;cxx;c++;cppm;ixx;def;odl;idl;hpj;bat;asm;asmx</Extensions>
    </Filter>
    <Filter Include="Header Files">
      <UniqueIdentifier>{93995380-89BD-4b04-88EB-625FBE52EBFB}</UniqueIdentifier>
      <Extensions>h;hh;hpp;hxx;h++;hm;inl;inc;ipp;xsd</Extensions>
    </Filter>
    <Filter Include="Resource Files">
      <UniqueIdentifier>{67DA6AB6-F800-4c08-8B7A-83BB121AAD01}</UniqueIdentifier>
      <Extensions>rc;ico;cur;bmp;dlg;rc2;rct;bin;rgs;gif;jpg;jpeg;jpe;resx;tiff;tif;png;wav;mfcribbon-ms</Extensions>
    </Filter>
  </ItemGroup>
  <ItemGroup>
    <ClInclude Include="..\OldMaidProj-master\OldMaidProj-master\Card.h">
      <Filter>Header Files</Filter>
    </ClInclude>
    <ClInclude Include="..\OldMaidProj-master\OldMaidProj-master\CardGameSimulator.h">
      <Filter>Header Files</Filter>
    </ClInclude>
    <ClInclude Include="..\OldMaidProj-master\OldMaidProj-master\Deck.h">
      <Filter>Header Files</Filter>
    </ClInclude>
    <ClInclude Include="..\OldMaidProj-master\OldMaidProj-master\Game.h">
      <Filter>Header Files</Filter>
    </ClInclude>
    <ClInclude Include="..\OldMaidProj-master\OldMaidProj-master\LeftPicker.h">
      <Filter>Header Files</Filter>
    </ClInclude>
    <ClInclude Include="..\OldMaidProj-master\OldMaidProj-master\Player.h">
      <Filter>Header Files</Filter>
    </ClInclude>
    <ClInclude Include="..\OldMaidProj-master\OldMaidProj-master\Random.h">
      <Filter>Header Files</Filter>
    </ClInclude>
    <ClInclude Include="..\OldMaidProj-master\OldMaidProj-master\RightPicker.h">
      <Filter>Header Files</Filter>
    </ClInclude>
    <ClInclude Include="..\OldMaidProj-master\OldMaidProj-master\Shuffler.h">
      <Filter>Header Files</Filter>
    </ClInclude>
    <ClInclude Include="..\OldMaidProj-master\OldMaidProj-master\StatisticsKeeper.h">
      <Filter>Header Files</Filter>
    </ClInclude>
  </ItemGroup>
  <ItemGroup>
    <ClCompile Include="..\OldMaidProj-master\OldMaidProj-master\Card.cpp">
      <Filter>Source Files</Filter>
    </ClCompile>
    <ClCompile Include="..\OldMaidProj-master\OldMaidProj-master\CardGameSimulator.cpp">
      <Filter>Source Files</Filter>
    </ClCompile>
    <ClCompile Include="..\OldMaidProj-master\OldMaidProj-master\Deck.cpp">
      <Filter>Source Files</Filter>
    </ClCompile>
    <ClCompile Include="..\OldMaidProj-master\OldMaidProj-master\Driver.cpp">
      <Filter>Source Files</Filter>
    </ClCompile>
    <ClCompile Include="..\OldMaidProj-master\OldMaidProj-master\Game.cpp">
      <Filter>Source Files</Filter>
    </ClCompile>
    <ClCompile Include="..\OldMaidProj-master\OldMaidProj-master\LeftPicker.cpp">
      <Filter>Source Files</Filter>
    </ClCompile>
    <ClCompile Include="..\OldMaidProj-master\OldMaidProj-master\Player.cpp">
      <Filter>Source Files</Filter>
    </ClCompile>
    <ClCompile Include="..\OldMaidProj-master\OldMaidProj-master\Random.cpp">
      <Filter>Source Files</Filter>
    </ClCompile>
    <ClCompile Include="..\OldMaidProj-master\OldMaidProj-master\RightPicker.cpp">
      <Filter>Source Files</Filter>
    </ClCompile>
    <ClCompile Include="..\OldMaidProj-master\OldMaidProj-master\Shuffler.cpp">
      <Filter>Source Files</Filter>
    </ClCompile>
    <ClCompile Include="..\OldMaidProj-master\OldMaidProj-master\StatisticsKeeper.cpp">
      <Filter>Source Files</Filter>
    </ClCompile>
  </ItemGroup>
</Project>